
Microsoft Visual Studio Solution File, Format Version 12.00
# Visual Studio Version 17
VisualStudioVersion = 17.9.34728.123
MinimumVisualStudioVersion = 10.0.40219.1
Project("{FAE04EC0-301F-11D3-BF4B-00C04F79EFBC}") = "AprendendoConceitosDeClasses", "AprendendoConceitosDeClasses\AprendendoConceitosDeClasses.csproj", "{C27BE195-C73B-4202-807B-F61F9D5C9946}"
EndProject
Global
	GlobalSection(SolutionConfigurationPlatforms) = preSolution
		Debug|Any CPU = Debug|Any CPU
		Release|Any CPU = Release|Any CPU
	EndGlobalSection
	GlobalSection(ProjectConfigurationPlatforms) = postSolution
		{C27BE195-C73B-4202-807B-F61F9D5C9946}.Debug|Any CPU.ActiveCfg = Debug|Any CPU
		{C27BE195-C73B-4202-807B-F61F9D5C9946}.Debug|Any CPU.Build.0 = Debug|Any CPU
		{C27BE195-C73B-4202-807B-F61F9D5C9946}.Release|Any CPU.ActiveCfg = Release|Any CPU
		{C27BE195-C73B-4202-807B-F61F9D5C9946}.Release|Any CPU.Build.0 = Release|Any CPU
	EndGlobalSection
	GlobalSection(SolutionProperties) = preSolution
		HideSolutionNode = FALSE
	EndGlobalSection
	GlobalSection(ExtensibilityGlobals) = postSolution
		SolutionGuid = {2BC795EF-4998-4151-B14C-30C009E82BDA}
	EndGlobalSection
EndGlobal
